
Microsoft Visual Studio Solution File, Format Version 12.00
# Visual Studio Version 17
VisualStudioVersion = 17.9.34714.143
MinimumVisualStudioVersion = 10.0.40219.1
Project("{FAE04EC0-301F-11D3-BF4B-00C04F79EFBC}") = "ThalesElkinRodriguez", "ThalesElkinRodriguez.csproj", "{F1F3E24A-C813-4639-85BF-4D64488F310F}"
EndProject
Project("{FAE04EC0-301F-11D3-BF4B-00C04F79EFBC}") = "TestEmployees", "..\TestEmployees\TestEmployees.csproj", "{98C15BEB-6751-48AB-B80C-82853510D7B9}"
EndProject
Global
	GlobalSection(SolutionConfigurationPlatforms) = preSolution
		Debug|Any CPU = Debug|Any CPU
		Release|Any CPU = Release|Any CPU
	EndGlobalSection
	GlobalSection(ProjectConfigurationPlatforms) = postSolution
		{F1F3E24A-C813-4639-85BF-4D64488F310F}.Debug|Any CPU.ActiveCfg = Debug|Any CPU
		{F1F3E24A-C813-4639-85BF-4D64488F310F}.Debug|Any CPU.Build.0 = Debug|Any CPU
		{F1F3E24A-C813-4639-85BF-4D64488F310F}.Release|Any CPU.ActiveCfg = Release|Any CPU
		{F1F3E24A-C813-4639-85BF-4D64488F310F}.Release|Any CPU.Build.0 = Release|Any CPU
		{98C15BEB-6751-48AB-B80C-82853510D7B9}.Debug|Any CPU.ActiveCfg = Debug|Any CPU
		{98C15BEB-6751-48AB-B80C-82853510D7B9}.Debug|Any CPU.Build.0 = Debug|Any CPU
		{98C15BEB-6751-48AB-B80C-82853510D7B9}.Release|Any CPU.ActiveCfg = Release|Any CPU
		{98C15BEB-6751-48AB-B80C-82853510D7B9}.Release|Any CPU.Build.0 = Release|Any CPU
	EndGlobalSection
	GlobalSection(SolutionProperties) = preSolution
		HideSolutionNode = FALSE
	EndGlobalSection
	GlobalSection(ExtensibilityGlobals) = postSolution
		SolutionGuid = {CDD67531-7427-4F90-8BE7-4220910F7204}
	EndGlobalSection
EndGlobal
